
Microsoft Visual Studio Solution File, Format Version 12.00
# Visual Studio 15
VisualStudioVersion = 15.0.26124.0
MinimumVisualStudioVersion = 15.0.26124.0
Project("{FAE04EC0-301F-11D3-BF4B-00C04F79EFBC}") = "BlabberApp.Client", "BlabberApp.Client\BlabberApp.Client.csproj", "{A2EB53EB-C4C3-433F-A492-491FFD607F60}"
EndProject
Project("{FAE04EC0-301F-11D3-BF4B-00C04F79EFBC}") = "BlabberApp.DataStore", "BlabberApp.DataStore\BlabberApp.DataStore.csproj", "{7695EE84-6E53-475D-9889-2B9C341A640B}"
EndProject
Project("{FAE04EC0-301F-11D3-BF4B-00C04F79EFBC}") = "BlabberApp.DataStoreTest", "BlabberApp.DataStoreTest\BlabberApp.DataStoreTest.csproj", "{C583AF20-69F2-469A-90C1-A8B3C0768869}"
EndProject
Project("{FAE04EC0-301F-11D3-BF4B-00C04F79EFBC}") = "BlabberApp.WebApi", "BlabberApp.WebApi\BlabberApp.WebApi.csproj", "{9CDE596B-E180-4FC9-9CF0-BEE7C658F715}"
EndProject
Project("{FAE04EC0-301F-11D3-BF4B-00C04F79EFBC}") = "BlabberApp.WebApiTest", "BlabberApp.WebApiTest\BlabberApp.WebApiTest.csproj", "{BABA5DA2-0CC3-4F27-88A3-4A9402F9197F}"
EndProject
Project("{FAE04EC0-301F-11D3-BF4B-00C04F79EFBC}") = "BlabberApp.Console", "BlabberApp.Console\BlabberApp.Console.csproj", "{32760034-5B69-4B02-A533-7A4F5814C533}"
EndProject
Project("{FAE04EC0-301F-11D3-BF4B-00C04F79EFBC}") = "BlabberApp.Domain", "BlabberApp.Domain\BlabberApp.Domain.csproj", "{E8D885DF-20DF-452C-9ED7-0D0EEA025EE0}"
EndProject
Project("{FAE04EC0-301F-11D3-BF4B-00C04F79EFBC}") = "BlabberApp.DomainTest", "BlabberApp.DomainTest\BlabberApp.DomainTest.csproj", "{A95F40C4-7542-4885-86A3-713202D30B86}"
EndProject
Project("{FAE04EC0-301F-11D3-BF4B-00C04F79EFBC}") = "BlabberApp.ClientTest", "BlabberApp.ClientTest\BlabberApp.ClientTest.csproj", "{49F14B9A-F7B3-4F21-ACD4-984DE1359DD6}"
EndProject
Global
	GlobalSection(SolutionConfigurationPlatforms) = preSolution
		Debug|Any CPU = Debug|Any CPU
		Debug|x64 = Debug|x64
		Debug|x86 = Debug|x86
		Release|Any CPU = Release|Any CPU
		Release|x64 = Release|x64
		Release|x86 = Release|x86
	EndGlobalSection
	GlobalSection(SolutionProperties) = preSolution
		HideSolutionNode = FALSE
	EndGlobalSection
	GlobalSection(ProjectConfigurationPlatforms) = postSolution
		{A2EB53EB-C4C3-433F-A492-491FFD607F60}.Debug|Any CPU.ActiveCfg = Debug|Any CPU
		{A2EB53EB-C4C3-433F-A492-491FFD607F60}.Debug|Any CPU.Build.0 = Debug|Any CPU
		{A2EB53EB-C4C3-433F-A492-491FFD607F60}.Debug|x64.ActiveCfg = Debug|Any CPU
		{A2EB53EB-C4C3-433F-A492-491FFD607F60}.Debug|x64.Build.0 = Debug|Any CPU
		{A2EB53EB-C4C3-433F-A492-491FFD607F60}.Debug|x86.ActiveCfg = Debug|Any CPU
		{A2EB53EB-C4C3-433F-A492-491FFD607F60}.Debug|x86.Build.0 = Debug|Any CPU
		{A2EB53EB-C4C3-433F-A492-491FFD607F60}.Release|Any CPU.ActiveCfg = Release|Any CPU
		{A2EB53EB-C4C3-433F-A492-491FFD607F60}.Release|Any CPU.Build.0 = Release|Any CPU
		{A2EB53EB-C4C3-433F-A492-491FFD607F60}.Release|x64.ActiveCfg = Release|Any CPU
		{A2EB53EB-C4C3-433F-A492-491FFD607F60}.Release|x64.Build.0 = Release|Any CPU
		{A2EB53EB-C4C3-433F-A492-491FFD607F60}.Release|x86.ActiveCfg = Release|Any CPU
		{A2EB53EB-C4C3-433F-A492-491FFD607F60}.Release|x86.Build.0 = Release|Any CPU
		{7695EE84-6E53-475D-9889-2B9C341A640B}.Debug|Any CPU.ActiveCfg = Debug|Any CPU
		{7695EE84-6E53-475D-9889-2B9C341A640B}.Debug|Any CPU.Build.0 = Debug|Any CPU
		{7695EE84-6E53-475D-9889-2B9C341A640B}.Debug|x64.ActiveCfg = Debug|Any CPU
		{7695EE84-6E53-475D-9889-2B9C341A640B}.Debug|x64.Build.0 = Debug|Any CPU
		{7695EE84-6E53-475D-9889-2B9C341A640B}.Debug|x86.ActiveCfg = Debug|Any CPU
		{7695EE84-6E53-475D-9889-2B9C341A640B}.Debug|x86.Build.0 = Debug|Any CPU
		{7695EE84-6E53-475D-9889-2B9C341A640B}.Release|Any CPU.ActiveCfg = Release|Any CPU
		{7695EE84-6E53-475D-9889-2B9C341A640B}.Release|Any CPU.Build.0 = Release|Any CPU
		{7695EE84-6E53-475D-9889-2B9C341A640B}.Release|x64.ActiveCfg = Release|Any CPU
		{7695EE84-6E53-475D-9889-2B9C341A640B}.Release|x64.Build.0 = Release|Any CPU
		{7695EE84-6E53-475D-9889-2B9C341A640B}.Release|x86.ActiveCfg = Release|Any CPU
		{7695EE84-6E53-475D-9889-2B9C341A640B}.Release|x86.Build.0 = Release|Any CPU
		{C583AF20-69F2-469A-90C1-A8B3C0768869}.Debug|Any CPU.ActiveCfg = Debug|Any CPU
		{C583AF20-69F2-469A-90C1-A8B3C0768869}.Debug|Any CPU.Build.0 = Debug|Any CPU
		{C583AF20-69F2-469A-90C1-A8B3C0768869}.Debug|x64.ActiveCfg = Debug|Any CPU
		{C583AF20-69F2-469A-90C1-A8B3C0768869}.Debug|x64.Build.0 = Debug|Any CPU
		{C583AF20-69F2-469A-90C1-A8B3C0768869}.Debug|x86.ActiveCfg = Debug|Any CPU
		{C583AF20-69F2-469A-90C1-A8B3C0768869}.Debug|x86.Build.0 = Debug|Any CPU
		{C583AF20-69F2-469A-90C1-A8B3C0768869}.Release|Any CPU.ActiveCfg = Release|Any CPU
		{C583AF20-69F2-469A-90C1-A8B3C0768869}.Release|Any CPU.Build.0 = Release|Any CPU
		{C583AF20-69F2-469A-90C1-A8B3C0768869}.Release|x64.ActiveCfg = Release|Any CPU
		{C583AF20-69F2-469A-90C1-A8B3C0768869}.Release|x64.Build.0 = Release|Any CPU
		{C583AF20-69F2-469A-90C1-A8B3C0768869}.Release|x86.ActiveCfg = Release|Any CPU
		{C583AF20-69F2-469A-90C1-A8B3C0768869}.Release|x86.Build.0 = Release|Any CPU
		{9CDE596B-E180-4FC9-9CF0-BEE7C658F715}.Debug|Any CPU.ActiveCfg = Debug|Any CPU
		{9CDE596B-E180-4FC9-9CF0-BEE7C658F715}.Debug|Any CPU.Build.0 = Debug|Any CPU
		{9CDE596B-E180-4FC9-9CF0-BEE7C658F715}.Debug|x64.ActiveCfg = Debug|Any CPU
		{9CDE596B-E180-4FC9-9CF0-BEE7C658F715}.Debug|x64.Build.0 = Debug|Any CPU
		{9CDE596B-E180-4FC9-9CF0-BEE7C658F715}.Debug|x86.ActiveCfg = Debug|Any CPU
		{9CDE596B-E180-4FC9-9CF0-BEE7C658F715}.Debug|x86.Build.0 = Debug|Any CPU
		{9CDE596B-E180-4FC9-9CF0-BEE7C658F715}.Release|Any CPU.ActiveCfg = Release|Any CPU
		{9CDE596B-E180-4FC9-9CF0-BEE7C658F715}.Release|Any CPU.Build.0 = Release|Any CPU
		{9CDE596B-E180-4FC9-9CF0-BEE7C658F715}.Release|x64.ActiveCfg = Release|Any CPU
		{9CDE596B-E180-4FC9-9CF0-BEE7C658F715}.Release|x64.Build.0 = Release|Any CPU
		{9CDE596B-E180-4FC9-9CF0-BEE7C658F715}.Release|x86.ActiveCfg = Release|Any CPU
		{9CDE596B-E180-4FC9-9CF0-BEE7C658F715}.Release|x86.Build.0 = Release|Any CPU
		{BABA5DA2-0CC3-4F27-88A3-4A9402F9197F}.Debug|Any CPU.ActiveCfg = Debug|Any CPU
		{BABA5DA2-0CC3-4F27-88A3-4A9402F9197F}.Debug|Any CPU.Build.0 = Debug|Any CPU
		{BABA5DA2-0CC3-4F27-88A3-4A9402F9197F}.Debug|x64.ActiveCfg = Debug|Any CPU
		{BABA5DA2-0CC3-4F27-88A3-4A9402F9197F}.Debug|x64.Build.0 = Debug|Any CPU
		{BABA5DA2-0CC3-4F27-88A3-4A9402F9197F}.Debug|x86.ActiveCfg = Debug|Any CPU
		{BABA5DA2-0CC3-4F27-88A3-4A9402F9197F}.Debug|x86.Build.0 = Debug|Any CPU
		{BABA5DA2-0CC3-4F27-88A3-4A9402F9197F}.Release|Any CPU.ActiveCfg = Release|Any CPU
		{BABA5DA2-0CC3-4F27-88A3-4A9402F9197F}.Release|Any CPU.Build.0 = Release|Any CPU
		{BABA5DA2-0CC3-4F27-88A3-4A9402F9197F}.Release|x64.ActiveCfg = Release|Any CPU
		{BABA5DA2-0CC3-4F27-88A3-4A9402F9197F}.Release|x64.Build.0 = Release|Any CPU
		{BABA5DA2-0CC3-4F27-88A3-4A9402F9197F}.Release|x86.ActiveCfg = Release|Any CPU
		{BABA5DA2-0CC3-4F27-88A3-4A9402F9197F}.Release|x86.Build.0 = Release|Any CPU
		{32760034-5B69-4B02-A533-7A4F5814C533}.Debug|Any CPU.ActiveCfg = Debug|Any CPU
		{32760034-5B69-4B02-A533-7A4F5814C533}.Debug|Any CPU.Build.0 = Debug|Any CPU
		{32760034-5B69-4B02-A533-7A4F5814C533}.Debug|x64.ActiveCfg = Debug|Any CPU
		{32760034-5B69-4B02-A533-7A4F5814C533}.Debug|x64.Build.0 = Debug|Any CPU
		{32760034-5B69-4B02-A533-7A4F5814C533}.Debug|x86.ActiveCfg = Debug|Any CPU
		{32760034-5B69-4B02-A533-7A4F5814C533}.Debug|x86.Build.0 = Debug|Any CPU
		{32760034-5B69-4B02-A533-7A4F5814C533}.Release|Any CPU.ActiveCfg = Release|Any CPU
		{32760034-5B69-4B02-A533-7A4F5814C533}.Release|Any CPU.Build.0 = Release|Any CPU
		{32760034-5B69-4B02-A533-7A4F5814C533}.Release|x64.ActiveCfg = Release|Any CPU
		{32760034-5B69-4B02-A533-7A4F5814C533}.Release|x64.Build.0 = Release|Any CPU
		{32760034-5B69-4B02-A533-7A4F5814C533}.Release|x86.ActiveCfg = Release|Any CPU
		{32760034-5B69-4B02-A533-7A4F5814C533}.Release|x86.Build.0 = Release|Any CPU
		{E8D885DF-20DF-452C-9ED7-0D0EEA025EE0}.Debug|Any CPU.ActiveCfg = Debug|Any CPU
		{E8D885DF-20DF-452C-9ED7-0D0EEA025EE0}.Debug|Any CPU.Build.0 = Debug|Any CPU
		{E8D885DF-20DF-452C-9ED7-0D0EEA025EE0}.Debug|x64.ActiveCfg = Debug|Any CPU
		{E8D885DF-20DF-452C-9ED7-0D0EEA025EE0}.Debug|x64.Build.0 = Debug|Any CPU
		{E8D885DF-20DF-452C-9ED7-0D0EEA025EE0}.Debug|x86.ActiveCfg = Debug|Any CPU
		{E8D885DF-20DF-452C-9ED7-0D0EEA025EE0}.Debug|x86.Build.0 = Debug|Any CPU
		{E8D885DF-20DF-452C-9ED7-0D0EEA025EE0}.Release|Any CPU.ActiveCfg = Release|Any CPU
		{E8D885DF-20DF-452C-9ED7-0D0EEA025EE0}.Release|Any CPU.Build.0 = Release|Any CPU
		{E8D885DF-20DF-452C-9ED7-0D0EEA025EE0}.Release|x64.ActiveCfg = Release|Any CPU
		{E8D885DF-20DF-452C-9ED7-0D0EEA025EE0}.Release|x64.Build.0 = Release|Any CPU
		{E8D885DF-20DF-452C-9ED7-0D0EEA025EE0}.Release|x86.ActiveCfg = Release|Any CPU
		{E8D885DF-20DF-452C-9ED7-0D0EEA025EE0}.Release|x86.Build.0 = Release|Any CPU
		{A95F40C4-7542-4885-86A3-713202D30B86}.Debug|Any CPU.ActiveCfg = Debug|Any CPU
		{A95F40C4-7542-4885-86A3-713202D30B86}.Debug|Any CPU.Build.0 = Debug|Any CPU
		{A95F40C4-7542-4885-86A3-713202D30B86}.Debug|x64.ActiveCfg = Debug|Any CPU
		{A95F40C4-7542-4885-86A3-713202D30B86}.Debug|x64.Build.0 = Debug|Any CPU
		{A95F40C4-7542-4885-86A3-713202D30B86}.Debug|x86.ActiveCfg = Debug|Any CPU
		{A95F40C4-7542-4885-86A3-713202D30B86}.Debug|x86.Build.0 = Debug|Any CPU
		{A95F40C4-7542-4885-86A3-713202D30B86}.Release|Any CPU.ActiveCfg = Release|Any CPU
		{A95F40C4-7542-4885-86A3-713202D30B86}.Release|Any CPU.Build.0 = Release|Any CPU
		{A95F40C4-7542-4885-86A3-713202D30B86}.Release|x64.ActiveCfg = Release|Any CPU
		{A95F40C4-7542-4885-86A3-713202D30B86}.Release|x64.Build.0 = Release|Any CPU
		{A95F40C4-7542-4885-86A3-713202D30B86}.Release|x86.ActiveCfg = Release|Any CPU
		{A95F40C4-7542-4885-86A3-713202D30B86}.Release|x86.Build.0 = Release|Any CPU
		{49F14B9A-F7B3-4F21-ACD4-984DE1359DD6}.Debug|Any CPU.ActiveCfg = Debug|Any CPU
		{49F14B9A-F7B3-4F21-ACD4-984DE1359DD6}.Debug|Any CPU.Build.0 = Debug|Any CPU
		{49F14B9A-F7B3-4F21-ACD4-984DE1359DD6}.Debug|x64.ActiveCfg = Debug|Any CPU
		{49F14B9A-F7B3-4F21-ACD4-984DE1359DD6}.Debug|x64.Build.0 = Debug|Any CPU
		{49F14B9A-F7B3-4F21-ACD4-984DE1359DD6}.Debug|x86.ActiveCfg = Debug|Any CPU
		{49F14B9A-F7B3-4F21-ACD4-984DE1359DD6}.Debug|x86.Build.0 = Debug|Any CPU
		{49F14B9A-F7B3-4F21-ACD4-984DE1359DD6}.Release|Any CPU.ActiveCfg = Release|Any CPU
		{49F14B9A-F7B3-4F21-ACD4-984DE1359DD6}.Release|Any CPU.Build.0 = Release|Any CPU
		{49F14B9A-F7B3-4F21-ACD4-984DE1359DD6}.Release|x64.ActiveCfg = Release|Any CPU
		{49F14B9A-F7B3-4F21-ACD4-984DE1359DD6}.Release|x64.Build.0 = Release|Any CPU
		{49F14B9A-F7B3-4F21-ACD4-984DE1359DD6}.Release|x86.ActiveCfg = Release|Any CPU
		{49F14B9A-F7B3-4F21-ACD4-984DE1359DD6}.Release|x86.Build.0 = Release|Any CPU
	EndGlobalSection
EndGlobal
